{
  "name": "aplikasirisda",
  "version": "1.0.0",
  "lockfileVersion": 2,
  "requires": true,
  "packages": {
    "": {
      "name": "aplikasirisda",
      "version": "1.0.0",
      "license": "ISC",
      "dependencies": {
        "simplelightbox": "^2.7.3"
      },
      "devDependencies": {}
    },
    "node_modules/simplelightbox": {
      "version": "2.7.3",
      "resolved": "https://registry.npmjs.org/simplelightbox/-/simplelightbox-2.7.3.tgz",
      "integrity": "sha512-pmN2x5YQz5Jva981AFQckHAO/DXSoZjyubQRx65v6NY6QCoyZ5B/EicjflexkvIF04Wh1l+zX61uvr6/aT0XxA=="
    }
  },
  "dependencies": {
    "simplelightbox": {
      "version": "2.7.3",
      "resolved": "https://registry.npmjs.org/simplelightbox/-/simplelightbox-2.7.3.tgz",
      "integrity": "sha512-pmN2x5YQz5Jva981AFQckHAO/DXSoZjyubQRx65v6NY6QCoyZ5B/EicjflexkvIF04Wh1l+zX61uvr6/aT0XxA=="
    }
  }
}
